
Microsoft Visual Studio Solution File, Format Version 12.00
# Visual Studio Version 17
VisualStudioVersion = 17.2.32602.215
MinimumVisualStudioVersion = 10.0.40219.1
Project("{FAE04EC0-301F-11D3-BF4B-00C04F79EFBC}") = "AdminAbilitiesTracker", "AdminAbilitiesTracker\AdminAbilitiesTracker.csproj", "{C3CDFFB2-8B4D-4510-85DA-9265535801D3}"
EndProject
Global
	GlobalSection(SolutionConfigurationPlatforms) = preSolution
		Debug|Any CPU = Debug|Any CPU
		Release|Any CPU = Release|Any CPU
	EndGlobalSection
	GlobalSection(ProjectConfigurationPlatforms) = postSolution
		{C3CDFFB2-8B4D-4510-85DA-9265535801D3}.Debug|Any CPU.ActiveCfg = Debug|Any CPU
		{C3CDFFB2-8B4D-4510-85DA-9265535801D3}.Debug|Any CPU.Build.0 = Debug|Any CPU
		{C3CDFFB2-8B4D-4510-85DA-9265535801D3}.Release|Any CPU.ActiveCfg = Release|Any CPU
		{C3CDFFB2-8B4D-4510-85DA-9265535801D3}.Release|Any CPU.Build.0 = Release|Any CPU
	EndGlobalSection
	GlobalSection(SolutionProperties) = preSolution
		HideSolutionNode = FALSE
	EndGlobalSection
	GlobalSection(ExtensibilityGlobals) = postSolution
		SolutionGuid = {9508A2C3-CEC2-4051-BD46-6CF45ABEE0BF}
	EndGlobalSection
EndGlobal
